{
  "name": "dynamic-resume",
  "version": "1.0.0",
  "lockfileVersion": 3,
  "requires": true,
  "packages": {
    "": {
      "name": "dynamic-resume",
      "version": "1.0.0",
      "license": "ISC",
      "dependencies": {
        "html2pdf": "^0.0.11"
      },
      "devDependencies": {
        "typescript": "^5.5.4"
      }
    },
    "node_modules/html2pdf": {
      "version": "0.0.11",
      "resolved": "https://registry.npmjs.org/html2pdf/-/html2pdf-0.0.11.tgz",
      "integrity": "sha512-Kx3I5r7lazHZzZv5lDk59jQoTxqaEGlf2BcGNvzWGPQVu0hE8jYCk4hboksuaCvmMJPa0S0A+156ZbE71Wdo2w=="
    },
    "node_modules/typescript": {
      "version": "5.5.4",
      "resolved": "https://registry.npmjs.org/typescript/-/typescript-5.5.4.tgz",
      "integrity": "sha512-Mtq29sKDAEYP7aljRgtPOpTvOfbwRWlS6dPRzwjdE+C0R4brX/GUyhHSecbHMFLNBLcJIPt9nl9yG5TZ1weH+Q==",
      "dev": true,
      "license": "Apache-2.0",
      "bin": {
        "tsc": "bin/tsc",
        "tsserver": "bin/tsserver"
      },
      "engines": {
        "node": ">=14.17"
      }
    }
  }
}
